// !$*UTF8*$!
{
	archiveVersion = 1;
	classes = {
	};
	objectVersion = 50;
	objects = {

/* Begin PBXBuildFile section */
		8524A49A21A3004E00EF1640 /* GameBoardViewController.swift in Sources */ = {isa = PBXBuildFile; fileRef = 8524A49421A3004D00EF1640 /* GameBoardViewController.swift */; };
		8524A49B21A3004E00EF1640 /* TryCatchFinally.m in Sources */ = {isa = PBXBuildFile; fileRef = 8524A49521A3004E00EF1640 /* TryCatchFinally.m */; };
		8524A49C21A3004E00EF1640 /* Card.swift in Sources */ = {isa = PBXBuildFile; fileRef = 8524A49621A3004E00EF1640 /* Card.swift */; };
		8524A49D21A3004E00EF1640 /* Game.swift in Sources */ = {isa = PBXBuildFile; fileRef = 8524A49721A3004E00EF1640 /* Game.swift */; };
		8524A49E21A3004E00EF1640 /* Deck.swift in Sources */ = {isa = PBXBuildFile; fileRef = 8524A49921A3004E00EF1640 /* Deck.swift */; };
		85B45B072190799F00E596D9 /* AppDelegate.swift in Sources */ = {isa = PBXBuildFile; fileRef = 85B45B062190799F00E596D9 /* AppDelegate.swift */; };
		85B45B092190799F00E596D9 /* ViewController.swift in Sources */ = {isa = PBXBuildFile; fileRef = 85B45B082190799F00E596D9 /* ViewController.swift */; };
		85B45B0C2190799F00E596D9 /* Main.storyboard in Resources */ = {isa = PBXBuildFile; fileRef = 85B45B0A2190799F00E596D9 /* Main.storyboard */; };
		85B45B0E219079A000E596D9 /* Assets.xcassets in Resources */ = {isa = PBXBuildFile; fileRef = 85B45B0D219079A000E596D9 /* Assets.xcassets */; };
		85B45B11219079A000E596D9 /* LaunchScreen.storyboard in Resources */ = {isa = PBXBuildFile; fileRef = 85B45B0F219079A000E596D9 /* LaunchScreen.storyboard */; };
		85B45B1C219079A000E596D9 /* ios_wsbTests.swift in Sources */ = {isa = PBXBuildFile; fileRef = 85B45B1B219079A000E596D9 /* ios_wsbTests.swift */; };
		85B45B27219079A000E596D9 /* ios_wsbUITests.swift in Sources */ = {isa = PBXBuildFile; fileRef = 85B45B26219079A000E596D9 /* ios_wsbUITests.swift */; };
/* End PBXBuildFile section */

/* Begin PBXContainerItemProxy section */
		85B45B18219079A000E596D9 /* PBXContainerItemProxy */ = {
			isa = PBXContainerItemProxy;
			containerPortal = 85B45AFB2190799F00E596D9 /* Project object */;
			proxyType = 1;
			remoteGlobalIDString = 85B45B022190799F00E596D9;
			remoteInfo = ios_wsb;
		};
		85B45B23219079A000E596D9 /* PBXContainerItemProxy */ = {
			isa = PBXContainerItemProxy;
			containerPortal = 85B45AFB2190799F00E596D9 /* Project object */;
			proxyType = 1;
			remoteGlobalIDString = 85B45B022190799F00E596D9;
			remoteInfo = ios_wsb;
		};
/* End PBXContainerItemProxy section */

/* Begin PBXFileReference section */
		8524A49421A3004D00EF1640 /* GameBoardViewController.swift */ = {isa = PBXFileReference; fileEncoding = 4; lastKnownFileType = sourcecode.swift; path = GameBoardViewController.swift; sourceTree = "<group>"; };
		8524A49521A3004E00EF1640 /* TryCatchFinally.m */ = {isa = PBXFileReference; fileEncoding = 4; lastKnownFileType = sourcecode.c.objc; path = TryCatchFinally.m; sourceTree = "<group>"; };
		8524A49621A3004E00EF1640 /* Card.swift */ = {isa = PBXFileReference; fileEncoding = 4; lastKnownFileType = sourcecode.swift; path = Card.swift; sourceTree = "<group>"; };
		8524A49721A3004E00EF1640 /* Game.swift */ = {isa = PBXFileReference; fileEncoding = 4; lastKnownFileType = sourcecode.swift; path = Game.swift; sourceTree = "<group>"; };
		8524A49821A3004E00EF1640 /* TryCatchFinally.h */ = {isa = PBXFileReference; fileEncoding = 4; lastKnownFileType = sourcecode.c.h; path = TryCatchFinally.h; sourceTree = "<group>"; };
		8524A49921A3004E00EF1640 /* Deck.swift */ = {isa = PBXFileReference; fileEncoding = 4; lastKnownFileType = sourcecode.swift; path = Deck.swift; sourceTree = "<group>"; };
		8524A49F21A3008D00EF1640 /* ios_wsb-Bridging-Header.h */ = {isa = PBXFileReference; lastKnownFileType = sourcecode.c.h; path = "ios_wsb-Bridging-Header.h"; sourceTree = "<group>"; };
		85B45B032190799F00E596D9 /* ios_wsb.app */ = {isa = PBXFileReference; explicitFileType = wrapper.application; includeInIndex = 0; path = ios_wsb.app; sourceTree = BUILT_PRODUCTS_DIR; };
		85B45B062190799F00E596D9 /* AppDelegate.swift */ = {isa = PBXFileReference; lastKnownFileType = sourcecode.swift; path = AppDelegate.swift; sourceTree = "<group>"; };
		85B45B082190799F00E596D9 /* ViewController.swift */ = {isa = PBXFileReference; lastKnownFileType = sourcecode.swift; path = ViewController.swift; sourceTree = "<group>"; };
		85B45B0B2190799F00E596D9 /* Base */ = {isa = PBXFileReference; lastKnownFileType = file.storyboard; name = Base; path = Base.lproj/Main.storyboard; sourceTree = "<group>"; };
		85B45B0D219079A000E596D9 /* Assets.xcassets */ = {isa = PBXFileReference; lastKnownFileType = folder.assetcatalog; path = Assets.xcassets; sourceTree = "<group>"; };
		85B45B10219079A000E596D9 /* Base */ = {isa = PBXFileReference; lastKnownFileType = file.storyboard; name = Base; path = Base.lproj/LaunchScreen.storyboard; sourceTree = "<group>"; };
		85B45B12219079A000E596D9 /* Info.plist */ = {isa = PBXFileReference; lastKnownFileType = text.plist.xml; path = Info.plist; sourceTree = "<group>"; };
		85B45B17219079A000E596D9 /* ios_wsbTests.xctest */ = {isa = PBXFileReference; explicitFileType = wrapper.cfbundle; includeInIndex = 0; path = ios_wsbTests.xctest; sourceTree = BUILT_PRODUCTS_DIR; };
		85B45B1B219079A000E596D9 /* ios_wsbTests.swift */ = {isa = PBXFileReference; lastKnownFileType = sourcecode.swift; path = ios_wsbTests.swift; sourceTree = "<group>"; };
		85B45B1D219079A000E596D9 /* Info.plist */ = {isa = PBXFileReference; lastKnownFileType = text.plist.xml; path = Info.plist; sourceTree = "<group>"; };
		85B45B22219079A000E596D9 /* ios_wsbUITests.xctest */ = {isa = PBXFileReference; explicitFileType = wrapper.cfbundle; includeInIndex = 0; path = ios_wsbUITests.xctest; sourceTree = BUILT_PRODUCTS_DIR; };
		85B45B26219079A000E596D9 /* ios_wsbUITests.swift */ = {isa = PBXFileReference; lastKnownFileType = sourcecode.swift; path = ios_wsbUITests.swift; sourceTree = "<group>"; };
		85B45B28219079A000E596D9 /* Info.plist */ = {isa = PBXFileReference; lastKnownFileType = text.plist.xml; path = Info.plist; sourceTree = "<group>"; };
/* End PBXFileReference section */

/* Begin PBXFrameworksBuildPhase section */
		85B45B002190799F00E596D9 /* Frameworks */ = {
			isa = PBXFrameworksBuildPhase;
			buildActionMask = 2147483647;
			files = (
			);
			runOnlyForDeploymentPostprocessing = 0;
		};
		85B45B14219079A000E596D9 /* Frameworks */ = {
			isa = PBXFrameworksBuildPhase;
			buildActionMask = 2147483647;
			files = (
			);
			runOnlyForDeploymentPostprocessing = 0;
		};
		85B45B1F219079A000E596D9 /* Frameworks */ = {
			isa = PBXFrameworksBuildPhase;
			buildActionMask = 2147483647;
			files = (
			);
			runOnlyForDeploymentPostprocessing = 0;
		};
/* End PBXFrameworksBuildPhase section */

/* Begin PBXGroup section */
		85B45AFA2190799F00E596D9 = {
			isa = PBXGroup;
			children = (
				85B45B052190799F00E596D9 /* ios_wsb */,
				85B45B1A219079A000E596D9 /* ios_wsbTests */,
				85B45B25219079A000E596D9 /* ios_wsbUITests */,
				85B45B042190799F00E596D9 /* Products */,
			);
			sourceTree = "<group>";
		};
		85B45B042190799F00E596D9 /* Products */ = {
			isa = PBXGroup;
			children = (
				85B45B032190799F00E596D9 /* ios_wsb.app */,
				85B45B17219079A000E596D9 /* ios_wsbTests.xctest */,
				85B45B22219079A000E596D9 /* ios_wsbUITests.xctest */,
			);
			name = Products;
			sourceTree = "<group>";
		};
		85B45B052190799F00E596D9 /* ios_wsb */ = {
			isa = PBXGroup;
			children = (
				85B45B062190799F00E596D9 /* AppDelegate.swift */,
				85B45B082190799F00E596D9 /* ViewController.swift */,
				85B45B0A2190799F00E596D9 /* Main.storyboard */,
				85B45B0D219079A000E596D9 /* Assets.xcassets */,
				85B45B0F219079A000E596D9 /* LaunchScreen.storyboard */,
				85B45B12219079A000E596D9 /* Info.plist */,
				8524A49621A3004E00EF1640 /* Card.swift */,
				8524A49921A3004E00EF1640 /* Deck.swift */,
				8524A49721A3004E00EF1640 /* Game.swift */,
				8524A49421A3004D00EF1640 /* GameBoardViewController.swift */,
				8524A49821A3004E00EF1640 /* TryCatchFinally.h */,
				8524A49521A3004E00EF1640 /* TryCatchFinally.m */,
				8524A49F21A3008D00EF1640 /* ios_wsb-Bridging-Header.h */,
			);
			path = ios_wsb;
			sourceTree = "<group>";
		};
		85B45B1A219079A000E596D9 /* ios_wsbTests */ = {
			isa = PBXGroup;
			children = (
				85B45B1B219079A000E596D9 /* ios_wsbTests.swift */,
				85B45B1D219079A000E596D9 /* Info.plist */,
			);
			path = ios_wsbTests;
			sourceTree = "<group>";
		};
		85B45B25219079A000E596D9 /* ios_wsbUITests */ = {
			isa = PBXGroup;
			children = (
				85B45B26219079A000E596D9 /* ios_wsbUITests.swift */,
				85B45B28219079A000E596D9 /* Info.plist */,
			);
			path = ios_wsbUITests;
			sourceTree = "<group>";
		};
/* End PBXGroup section */

/* Begin PBXNativeTarget section */
		85B45B022190799F00E596D9 /* ios_wsb */ = {
			isa = PBXNativeTarget;
			buildConfigurationList = 85B45B2B219079A000E596D9 /* Build configuration list for PBXNativeTarget "ios_wsb" */;
			buildPhases = (
				85B45AFF2190799F00E596D9 /* Sources */,
				85B45B002190799F00E596D9 /* Frameworks */,
				85B45B012190799F00E596D9 /* Resources */,
			);
			buildRules = (
			);
			dependencies = (
			);
			name = ios_wsb;
			productName = ios_wsb;
			productReference = 85B45B032190799F00E596D9 /* ios_wsb.app */;
			productType = "com.apple.product-type.application";
		};
		85B45B16219079A000E596D9 /* ios_wsbTests */ = {
			isa = PBXNativeTarget;
			buildConfigurationList = 85B45B2E219079A000E596D9 /* Build configuration list for PBXNativeTarget "ios_wsbTests" */;
			buildPhases = (
				85B45B13219079A000E596D9 /* Sources */,
				85B45B14219079A000E596D9 /* Frameworks */,
				85B45B15219079A000E596D9 /* Resources */,
			);
			buildRules = (
			);
			dependencies = (
				85B45B19219079A000E596D9 /* PBXTargetDependency */,
			);
			name = ios_wsbTests;
			productName = ios_wsbTests;
			productReference = 85B45B17219079A000E596D9 /* ios_wsbTests.xctest */;
			productType = "com.apple.product-type.bundle.unit-test";
		};
		85B45B21219079A000E596D9 /* ios_wsbUITests */ = {
			isa = PBXNativeTarget;
			buildConfigurationList = 85B45B31219079A000E596D9 /* Build configuration list for PBXNativeTarget "ios_wsbUITests" */;
			buildPhases = (
				85B45B1E219079A000E596D9 /* Sources */,
				85B45B1F219079A000E596D9 /* Frameworks */,
				85B45B20219079A000E596D9 /* Resources */,
			);
			buildRules = (
			);
			dependencies = (
				85B45B24219079A000E596D9 /* PBXTargetDependency */,
			);
			name = ios_wsbUITests;
			productName = ios_wsbUITests;
			productReference = 85B45B22219079A000E596D9 /* ios_wsbUITests.xctest */;
			productType = "com.apple.product-type.bundle.ui-testing";
		};
/* End PBXNativeTarget section */

/* Begin PBXProject section */
		85B45AFB2190799F00E596D9 /* Project object */ = {
			isa = PBXProject;
			attributes = {
				LastSwiftUpdateCheck = 1000;
				LastUpgradeCheck = 1000;
				ORGANIZATIONNAME = "Feitong Liu";
				TargetAttributes = {
					85B45B022190799F00E596D9 = {
						CreatedOnToolsVersion = 10.0;
						LastSwiftMigration = 1000;
					};
					85B45B16219079A000E596D9 = {
						CreatedOnToolsVersion = 10.0;
						TestTargetID = 85B45B022190799F00E596D9;
					};
					85B45B21219079A000E596D9 = {
						CreatedOnToolsVersion = 10.0;
						TestTargetID = 85B45B022190799F00E596D9;
					};
				};
			};
			buildConfigurationList = 85B45AFE2190799F00E596D9 /* Build configuration list for PBXProject "ios_wsb" */;
			compatibilityVersion = "Xcode 9.3";
			developmentRegion = en;
			hasScannedForEncodings = 0;
			knownRegions = (
				en,
				Base,
			);
			mainGroup = 85B45AFA2190799F00E596D9;
			productRefGroup = 85B45B042190799F00E596D9 /* Products */;
			projectDirPath = "";
			projectRoot = "";
			targets = (
				85B45B022190799F00E596D9 /* ios_wsb */,
				85B45B16219079A000E596D9 /* ios_wsbTests */,
				85B45B21219079A000E596D9 /* ios_wsbUITests */,
			);
		};
/* End PBXProject section */

/* Begin PBXResourcesBuildPhase section */
		85B45B012190799F00E596D9 /* Resources */ = {
			isa = PBXResourcesBuildPhase;
			buildActionMask = 2147483647;
			files = (
				85B45B11219079A000E596D9 /* LaunchScreen.storyboard in Resources */,
				85B45B0E219079A000E596D9 /* Assets.xcassets in Resources */,
				85B45B0C2190799F00E596D9 /* Main.storyboard in Resources */,
			);
			runOnlyForDeploymentPostprocessing = 0;
		};
		85B45B15219079A000E596D9 /* Resources */ = {
			isa = PBXResourcesBuildPhase;
			buildActionMask = 2147483647;
			files = (
			);
			runOnlyForDeploymentPostprocessing = 0;
		};
		85B45B20219079A000E596D9 /* Resources */ = {
			isa = PBXResourcesBuildPhase;
			buildActionMask = 2147483647;
			files = (
			);
			runOnlyForDeploymentPostprocessing = 0;
		};
/* End PBXResourcesBuildPhase section */

/* Begin PBXSourcesBuildPhase section */
		85B45AFF2190799F00E596D9 /* Sources */ = {
			isa = PBXSourcesBuildPhase;
			buildActionMask = 2147483647;
			files = (
				8524A49E21A3004E00EF1640 /* Deck.swift in Sources */,
				85B45B092190799F00E596D9 /* ViewController.swift in Sources */,
				8524A49D21A3004E00EF1640 /* Game.swift in Sources */,
				8524A49B21A3004E00EF1640 /* TryCatchFinally.m in Sources */,
				8524A49C21A3004E00EF1640 /* Card.swift in Sources */,
				85B45B072190799F00E596D9 /* AppDelegate.swift in Sources */,
				8524A49A21A3004E00EF1640 /* GameBoardViewController.swift in Sources */,
			);
			runOnlyForDeploymentPostprocessing = 0;
		};
		85B45B13219079A000E596D9 /* Sources */ = {
			isa = PBXSourcesBuildPhase;
			buildActionMask = 2147483647;
			files = (
				85B45B1C219079A000E596D9 /* ios_wsbTests.swift in Sources */,
			);
			runOnlyForDeploymentPostprocessing = 0;
		};
		85B45B1E219079A000E596D9 /* Sources */ = {
			isa = PBXSourcesBuildPhase;
			buildActionMask = 2147483647;
			files = (
				85B45B27219079A000E596D9 /* ios_wsbUITests.swift in Sources */,
			);
			runOnlyForDeploymentPostprocessing = 0;
		};
/* End PBXSourcesBuildPhase section */

/* Begin PBXTargetDependency section */
		85B45B19219079A000E596D9 /* PBXTargetDependency */ = {
			isa = PBXTargetDependency;
			target = 85B45B022190799F00E596D9 /* ios_wsb */;
			targetProxy = 85B45B18219079A000E596D9 /* PBXContainerItemProxy */;
		};
		85B45B24219079A000E596D9 /* PBXTargetDependency */ = {
			isa = PBXTargetDependency;
			target = 85B45B022190799F00E596D9 /* ios_wsb */;
			targetProxy = 85B45B23219079A000E596D9 /* PBXContainerItemProxy */;
		};
/* End PBXTargetDependency section */

/* Begin PBXVariantGroup section */
		85B45B0A2190799F00E596D9 /* Main.storyboard */ = {
			isa = PBXVariantGroup;
			children = (
				85B45B0B2190799F00E596D9 /* Base */,
			);
			name = Main.storyboard;
			sourceTree = "<group>";
		};
		85B45B0F219079A000E596D9 /* LaunchScreen.storyboard */ = {
			isa = PBXVariantGroup;
			children = (
				85B45B10219079A000E596D9 /* Base */,
			);
			name = LaunchScreen.storyboard;
			sourceTree = "<group>";
		};
/* End PBXVariantGroup section */

/* Begin XCBuildConfiguration section */
		85B45B29219079A000E596D9 /* Debug */ = {
			isa = XCBuildConfiguration;
			buildSettings = {
				ALWAYS_SEARCH_USER_PATHS = NO;
				CLANG_ANALYZER_NONNULL = YES;
				CLANG_ANALYZER_NUMBER_OBJECT_CONVERSION = YES_AGGRESSIVE;
				CLANG_CXX_LANGUAGE_STANDARD = "gnu++14";
				CLANG_CXX_LIBRARY = "libc++";
				CLANG_ENABLE_MODULES = YES;
				CLANG_ENABLE_OBJC_ARC = YES;
				CLANG_ENABLE_OBJC_WEAK = YES;
				CLANG_WARN_BLOCK_CAPTURE_AUTORELEASING = YES;
				CLANG_WARN_BOOL_CONVERSION = YES;
				CLANG_WARN_COMMA = YES;
				CLANG_WARN_CONSTANT_CONVERSION = YES;
				CLANG_WARN_DEPRECATED_OBJC_IMPLEMENTATIONS = YES;
				CLANG_WARN_DIRECT_OBJC_ISA_USAGE = YES_ERROR;
				CLANG_WARN_DOCUMENTATION_COMMENTS = YES;
				CLANG_WARN_EMPTY_BODY = YES;
				CLANG_WARN_ENUM_CONVERSION = YES;
				CLANG_WARN_INFINITE_RECURSION = YES;
				CLANG_WARN_INT_CONVERSION = YES;
				CLANG_WARN_NON_LITERAL_NULL_CONVERSION = YES;
				CLANG_WARN_OBJC_IMPLICIT_RETAIN_SELF = YES;
				CLANG_WARN_OBJC_LITERAL_CONVERSION = YES;
				CLANG_WARN_OBJC_ROOT_CLASS = YES_ERROR;
				CLANG_WARN_RANGE_LOOP_ANALYSIS = YES;
				CLANG_WARN_STRICT_PROTOTYPES = YES;
				CLANG_WARN_SUSPICIOUS_MOVE = YES;
				CLANG_WARN_UNGUARDED_AVAILABILITY = YES_AGGRESSIVE;
				CLANG_WARN_UNREACHABLE_CODE = YES;
				CLANG_WARN__DUPLICATE_METHOD_MATCH = YES;
				CODE_SIGN_IDENTITY = "iPhone Developer";
				COPY_PHASE_STRIP = NO;
				DEBUG_INFORMATION_FORMAT = dwarf;
				ENABLE_STRICT_OBJC_MSGSEND = YES;
				ENABLE_TESTABILITY = YES;
				GCC_C_LANGUAGE_STANDARD = gnu11;
				GCC_DYNAMIC_NO_PIC = NO;
				GCC_NO_COMMON_BLOCKS = YES;
				GCC_OPTIMIZATION_LEVEL = 0;
				GCC_PREPROCESSOR_DEFINITIONS = (
					"DEBUG=1",
					"$(inherited)",
				);
				GCC_WARN_64_TO_32_BIT_CONVERSION = YES;
				GCC_WARN_ABOUT_RETURN_TYPE = YES_ERROR;
				GCC_WARN_UNDECLARED_SELECTOR = YES;
				GCC_WARN_UNINITIALIZED_AUTOS = YES_AGGRESSIVE;
				GCC_WARN_UNUSED_FUNCTION = YES;
				GCC_WARN_UNUSED_VARIABLE = YES;
				IPHONEOS_DEPLOYMENT_TARGET = 12.0;
				MTL_ENABLE_DEBUG_INFO = INCLUDE_SOURCE;
				MTL_FAST_MATH = YES;
				ONLY_ACTIVE_ARCH = YES;
				SDKROOT = iphoneos;
				SWIFT_ACTIVE_COMPILATION_CONDITIONS = DEBUG;
				SWIFT_OPTIMIZATION_LEVEL = "-Onone";
			};
			name = Debug;
		};
		85B45B2A219079A000E596D9 /* Release */ = {
			isa = XCBuildConfiguration;
			buildSettings = {
				ALWAYS_SEARCH_USER_PATHS = NO;
				CLANG_ANALYZER_NONNULL = YES;
				CLANG_ANALYZER_NUMBER_OBJECT_CONVERSION = YES_AGGRESSIVE;
				CLANG_CXX_LANGUAGE_STANDARD = "gnu++14";
				CLANG_CXX_LIBRARY = "libc++";
				CLANG_ENABLE_MODULES = YES;
				CLANG_ENABLE_OBJC_ARC = YES;
				CLANG_ENABLE_OBJC_WEAK = YES;
				CLANG_WARN_BLOCK_CAPTURE_AUTORELEASING = YES;
				CLANG_WARN_BOOL_CONVERSION = YES;
				CLANG_WARN_COMMA = YES;
				CLANG_WARN_CONSTANT_CONVERSION = YES;
				CLANG_WARN_DEPRECATED_OBJC_IMPLEMENTATIONS = YES;
				CLANG_WARN_DIRECT_OBJC_ISA_USAGE = YES_ERROR;
				CLANG_WARN_DOCUMENTATION_COMMENTS = YES;
				CLANG_WARN_EMPTY_BODY = YES;
				CLANG_WARN_ENUM_CONVERSION = YES;
				CLANG_WARN_INFINITE_RECURSION = YES;
				CLANG_WARN_INT_CONVERSION = YES;
				CLANG_WARN_NON_LITERAL_NULL_CONVERSION = YES;
				CLANG_WARN_OBJC_IMPLICIT_RETAIN_SELF = YES;
				CLANG_WARN_OBJC_LITERAL_CONVERSION = YES;
				CLANG_WARN_OBJC_ROOT_CLASS = YES_ERROR;
				CLANG_WARN_RANGE_LOOP_ANALYSIS = YES;
				CLANG_WARN_STRICT_PROTOTYPES = YES;
				CLANG_WARN_SUSPICIOUS_MOVE = YES;
				CLANG_WARN_UNGUARDED_AVAILABILITY = YES_AGGRESSIVE;
				CLANG_WARN_UNREACHABLE_CODE = YES;
				CLANG_WARN__DUPLICATE_METHOD_MATCH = YES;
				CODE_SIGN_IDENTITY = "iPhone Developer";
				COPY_PHASE_STRIP = NO;
				DEBUG_INFORMATION_FORMAT = "dwarf-with-dsym";
				ENABLE_NS_ASSERTIONS = NO;
				ENABLE_STRICT_OBJC_MSGSEND = YES;
				GCC_C_LANGUAGE_STANDARD = gnu11;
				GCC_NO_COMMON_BLOCKS = YES;
				GCC_WARN_64_TO_32_BIT_CONVERSION = YES;
				GCC_WARN_ABOUT_RETURN_TYPE = YES_ERROR;
				GCC_WARN_UNDECLARED_SELECTOR = YES;
				GCC_WARN_UNINITIALIZED_AUTOS = YES_AGGRESSIVE;
				GCC_WARN_UNUSED_FUNCTION = YES;
				GCC_WARN_UNUSED_VARIABLE = YES;
				IPHONEOS_DEPLOYMENT_TARGET = 12.0;
				MTL_ENABLE_DEBUG_INFO = NO;
				MTL_FAST_MATH = YES;
				SDKROOT = iphoneos;
				SWIFT_COMPILATION_MODE = wholemodule;
				SWIFT_OPTIMIZATION_LEVEL = "-O";
				VALIDATE_PRODUCT = YES;
			};
			name = Release;
		};
		85B45B2C219079A000E596D9 /* Debug */ = {
			isa = XCBuildConfiguration;
			buildSettings = {
				ASSETCATALOG_COMPILER_APPICON_NAME = AppIcon;
				CLANG_ENABLE_MODULES = YES;
				CODE_SIGN_STYLE = Automatic;
				INFOPLIST_FILE = ios_wsb/Info.plist;
				LD_RUNPATH_SEARCH_PATHS = (
					"$(inherited)",
					"@executable_path/Frameworks",
				);
				PRODUCT_BUNDLE_IDENTIFIER = "hku.ios-wsb";
				PRODUCT_NAME = "$(TARGET_NAME)";
				SWIFT_OBJC_BRIDGING_HEADER = "ios_wsb/ios_wsb-Bridging-Header.h";
				SWIFT_OPTIMIZATION_LEVEL = "-Onone";
				SWIFT_VERSION = 4.2;
				TARGETED_DEVICE_FAMILY = "1,2";
			};
			name = Debug;
		};
		85B45B2D219079A000E596D9 /* Release */ = {
			isa = XCBuildConfiguration;
			buildSettings = {
				ASSETCATALOG_COMPILER_APPICON_NAME = AppIcon;
				CLANG_ENABLE_MODULES = YES;
				CODE_SIGN_STYLE = Automatic;
				INFOPLIST_FILE = ios_wsb/Info.plist;
				LD_RUNPATH_SEARCH_PATHS = (
					"$(inherited)",
					"@executable_path/Frameworks",
				);
				PRODUCT_BUNDLE_IDENTIFIER = "hku.ios-wsb";
				PRODUCT_NAME = "$(TARGET_NAME)";
				SWIFT_OBJC_BRIDGING_HEADER = "ios_wsb/ios_wsb-Bridging-Header.h";
				SWIFT_VERSION = 4.2;
				TARGETED_DEVICE_FAMILY = "1,2";
			};
			name = Release;
		};
		85B45B2F219079A000E596D9 /* Debug */ = {
			isa = XCBuildConfiguration;
			buildSettings = {
				ALWAYS_EMBED_SWIFT_STANDARD_LIBRARIES = YES;
				BUNDLE_LOADER = "$(TEST_HOST)";
				CODE_SIGN_STYLE = Automatic;
				INFOPLIST_FILE = ios_wsbTests/Info.plist;
				LD_RUNPATH_SEARCH_PATHS = (
					"$(inherited)",
					"@executable_path/Frameworks",
					"@loader_path/Frameworks",
				);
				PRODUCT_BUNDLE_IDENTIFIER = "hku.ios-wsbTests";
				PRODUCT_NAME = "$(TARGET_NAME)";
				SWIFT_VERSION = 4.2;
				TARGETED_DEVICE_FAMILY = "1,2";
				TEST_HOST = "$(BUILT_PRODUCTS_DIR)/ios_wsb.app/ios_wsb";
			};
			name = Debug;
		};
		85B45B30219079A000E596D9 /* Release */ = {
			isa = XCBuildConfiguration;
			buildSettings = {
				ALWAYS_EMBED_SWIFT_STANDARD_LIBRARIES = YES;
				BUNDLE_LOADER = "$(TEST_HOST)";
				CODE_SIGN_STYLE = Automatic;
				INFOPLIST_FILE = ios_wsbTests/Info.plist;
				LD_RUNPATH_SEARCH_PATHS = (
					"$(inherited)",
					"@executable_path/Frameworks",
					"@loader_path/Frameworks",
				);
				PRODUCT_BUNDLE_IDENTIFIER = "hku.ios-wsbTests";
				PRODUCT_NAME = "$(TARGET_NAME)";
				SWIFT_VERSION = 4.2;
				TARGETED_DEVICE_FAMILY = "1,2";
				TEST_HOST = "$(BUILT_PRODUCTS_DIR)/ios_wsb.app/ios_wsb";
			};
			name = Release;
		};
		85B45B32219079A000E596D9 /* Debug */ = {
			isa = XCBuildConfiguration;
			buildSettings = {
				ALWAYS_EMBED_SWIFT_STANDARD_LIBRARIES = YES;
				CODE_SIGN_STYLE = Automatic;
				INFOPLIST_FILE = ios_wsbUITests/Info.plist;
				LD_RUNPATH_SEARCH_PATHS = (
					"$(inherited)",
					"@executable_path/Frameworks",
					"@loader_path/Frameworks",
				);
				PRODUCT_BUNDLE_IDENTIFIER = "hku.ios-wsbUITests";
				PRODUCT_NAME = "$(TARGET_NAME)";
				SWIFT_VERSION = 4.2;
				TARGETED_DEVICE_FAMILY = "1,2";
				TEST_TARGET_NAME = ios_wsb;
			};
			name = Debug;
		};
		85B45B33219079A000E596D9 /* Release */ = {
			isa = XCBuildConfiguration;
			buildSettings = {
				ALWAYS_EMBED_SWIFT_STANDARD_LIBRARIES = YES;
				CODE_SIGN_STYLE = Automatic;
				INFOPLIST_FILE = ios_wsbUITests/Info.plist;
				LD_RUNPATH_SEARCH_PATHS = (
					"$(inherited)",
					"@executable_path/Frameworks",
					"@loader_path/Frameworks",
				);
				PRODUCT_BUNDLE_IDENTIFIER = "hku.ios-wsbUITests";
				PRODUCT_NAME = "$(TARGET_NAME)";
				SWIFT_VERSION = 4.2;
				TARGETED_DEVICE_FAMILY = "1,2";
				TEST_TARGET_NAME = ios_wsb;
			};
			name = Release;
		};
/* End XCBuildConfiguration section */

/* Begin XCConfigurationList section */
		85B45AFE2190799F00E596D9 /* Build configuration list for PBXProject "ios_wsb" */ = {
			isa = XCConfigurationList;
			buildConfigurations = (
				85B45B29219079A000E596D9 /* Debug */,
				85B45B2A219079A000E596D9 /* Release */,
			);
			defaultConfigurationIsVisible = 0;
			defaultConfigurationName = Release;
		};
		85B45B2B219079A000E596D9 /* Build configuration list for PBXNativeTarget "ios_wsb" */ = {
			isa = XCConfigurationList;
			buildConfigurations = (
				85B45B2C219079A000E596D9 /* Debug */,
				85B45B2D219079A000E596D9 /* Release */,
			);
			defaultConfigurationIsVisible = 0;
			defaultConfigurationName = Release;
		};
		85B45B2E219079A000E596D9 /* Build configuration list for PBXNativeTarget "ios_wsbTests" */ = {
			isa = XCConfigurationList;
			buildConfigurations = (
				85B45B2F219079A000E596D9 /* Debug */,
				85B45B30219079A000E596D9 /* Release */,
			);
			defaultConfigurationIsVisible = 0;
			defaultConfigurationName = Release;
		};
		85B45B31219079A000E596D9 /* Build configuration list for PBXNativeTarget "ios_wsbUITests" */ = {
			isa = XCConfigurationList;
			buildConfigurations = (
				85B45B32219079A000E596D9 /* Debug */,
				85B45B33219079A000E596D9 /* Release */,
			);
			defaultConfigurationIsVisible = 0;
			defaultConfigurationName = Release;
		};
/* End XCConfigurationList section */
	};
	rootObject = 85B45AFB2190799F00E596D9 /* Project object */;
}
